# This file is @generated by PDM.
# It is not intended for manual editing.

[metadata]
groups = ["default", "dev"]
strategy = ["inherit_metadata"]
lock_version = "4.5.0"
content_hash = "sha256:c32fdf7d8ae25bcb4ee8f1f14ec3bfb0442a2f607080d3ff2e4e18b4c0fbe1a7"

[[metadata.targets]]
requires_python = "==3.12.*"

[[package]]
name = "sdk"
version = "0.1.0"
requires_python = ">=3.12"
editable = true
path = "./libs/sdk"
summary = "Default template for PDM package"
groups = ["default", "dev"]
